
Microsoft Visual Studio Solution File, Format Version 12.00
# Visual Studio 2010
Project("{FAE04EC0-301F-11D3-BF4B-00C04F79EFBC}") = "SharePoint Manager", "Main\SharePoint Manager.csproj", "{93C1FBBA-D785-4E4F-93CC-C8CA95BD889A}"
EndProject
Project("{FAE04EC0-301F-11D3-BF4B-00C04F79EFBC}") = "SPM40.Framework", "..\Libraries\SPM2.Framework\SPM40.Framework.csproj", "{5DE0D29F-DE15-4E15-9E89-3A873D849C40}"
EndProject
Project("{FAE04EC0-301F-11D3-BF4B-00C04F79EFBC}") = "SPM40.SharePoint2010", "..\Libraries\SPM2.SharePoint\SPM40.SharePoint2010.csproj", "{CE144460-64CE-4FB5-A25E-25B7BB028D16}"
EndProject
Project("{FAE04EC0-301F-11D3-BF4B-00C04F79EFBC}") = "SPM40.SharePoint2013", "..\Libraries\SPM2.SharePoint2013\SPM40.SharePoint2013.csproj", "{48E7192B-2165-4561-B9B0-9A1BDB492893}"
EndProject
Project("{FAE04EC0-301F-11D3-BF4B-00C04F79EFBC}") = "MEF35", "..\Libraries\MEF35\ComponentModel\MEF35.csproj", "{1BBA5101-D4F0-48B8-A5D6-7B23A099DCE3}"
EndProject
Global
	GlobalSection(TeamFoundationVersionControl) = preSolution
		SccNumberOfProjects = 6
		SccEnterpriseProvider = {4CA58AB2-18FA-4F8D-95D4-32DDF27D184C}
		SccTeamFoundationServer = https://tfs.codeplex.com/tfs/tfs05
		SccLocalPath0 = .
		SccProjectUniqueName1 = ..\\Libraries\\SPM2.Framework\\SPM40.Framework.csproj
		SccProjectName1 = ../Libraries/SPM2.Framework
		SccLocalPath1 = ..\\Libraries\\SPM2.Framework
		SccProjectUniqueName2 = ..\\Libraries\\SPM2.SharePoint\\SPM40.SharePoint2010.csproj
		SccProjectName2 = ../Libraries/SPM2.SharePoint
		SccLocalPath2 = ..\\Libraries\\SPM2.SharePoint
		SccProjectUniqueName3 = ..\\Libraries\\SPM2.SharePoint2013\\SPM40.SharePoint2013.csproj
		SccProjectName3 = ../Libraries/SPM2.SharePoint2013
		SccLocalPath3 = ..\\Libraries\\SPM2.SharePoint2013
		SccProjectUniqueName4 = ..\\Libraries\\MEF35\\ComponentModel\\MEF35.csproj
		SccProjectName4 = ../Libraries/MEF35/ComponentModel
		SccLocalPath4 = ..\\Libraries\\MEF35\\ComponentModel
		SccProjectUniqueName5 = Main\\SharePoint\u0020Manager.csproj
		SccProjectName5 = Main
		SccLocalPath5 = Main
	EndGlobalSection
	GlobalSection(SolutionConfigurationPlatforms) = preSolution
		Debug|Any CPU = Debug|Any CPU
		Debug|x64 = Debug|x64
		Generate (Debug)|Any CPU = Generate (Debug)|Any CPU
		Generate (Debug)|x64 = Generate (Debug)|x64
		Release|Any CPU = Release|Any CPU
		Release|x64 = Release|x64
		SharePoint Manager 2010|Any CPU = SharePoint Manager 2010|Any CPU
		SharePoint Manager 2010|x64 = SharePoint Manager 2010|x64
	EndGlobalSection
	GlobalSection(ProjectConfigurationPlatforms) = postSolution
		{93C1FBBA-D785-4E4F-93CC-C8CA95BD889A}.Debug|Any CPU.ActiveCfg = Debug|Any CPU
		{93C1FBBA-D785-4E4F-93CC-C8CA95BD889A}.Debug|Any CPU.Build.0 = Debug|Any CPU
		{93C1FBBA-D785-4E4F-93CC-C8CA95BD889A}.Debug|x64.ActiveCfg = Debug|x64
		{93C1FBBA-D785-4E4F-93CC-C8CA95BD889A}.Debug|x64.Build.0 = Debug|x64
		{93C1FBBA-D785-4E4F-93CC-C8CA95BD889A}.Generate (Debug)|Any CPU.ActiveCfg = Debug|Any CPU
		{93C1FBBA-D785-4E4F-93CC-C8CA95BD889A}.Generate (Debug)|Any CPU.Build.0 = Debug|Any CPU
		{93C1FBBA-D785-4E4F-93CC-C8CA95BD889A}.Generate (Debug)|x64.ActiveCfg = Debug|x64
		{93C1FBBA-D785-4E4F-93CC-C8CA95BD889A}.Generate (Debug)|x64.Build.0 = Debug|x64
		{93C1FBBA-D785-4E4F-93CC-C8CA95BD889A}.Release|Any CPU.ActiveCfg = Release|Any CPU
		{93C1FBBA-D785-4E4F-93CC-C8CA95BD889A}.Release|Any CPU.Build.0 = Release|Any CPU
		{93C1FBBA-D785-4E4F-93CC-C8CA95BD889A}.Release|x64.ActiveCfg = Release|x64
		{93C1FBBA-D785-4E4F-93CC-C8CA95BD889A}.Release|x64.Build.0 = Release|x64
		{93C1FBBA-D785-4E4F-93CC-C8CA95BD889A}.SharePoint Manager 2010|Any CPU.ActiveCfg = SharePoint Manager 2010|Any CPU
		{93C1FBBA-D785-4E4F-93CC-C8CA95BD889A}.SharePoint Manager 2010|Any CPU.Build.0 = SharePoint Manager 2010|Any CPU
		{93C1FBBA-D785-4E4F-93CC-C8CA95BD889A}.SharePoint Manager 2010|x64.ActiveCfg = SharePoint Manager 2010|x64
		{93C1FBBA-D785-4E4F-93CC-C8CA95BD889A}.SharePoint Manager 2010|x64.Build.0 = SharePoint Manager 2010|x64
		{5DE0D29F-DE15-4E15-9E89-3A873D849C40}.Debug|Any CPU.ActiveCfg = Debug|Any CPU
		{5DE0D29F-DE15-4E15-9E89-3A873D849C40}.Debug|Any CPU.Build.0 = Debug|Any CPU
		{5DE0D29F-DE15-4E15-9E89-3A873D849C40}.Debug|x64.ActiveCfg = Debug|Any CPU
		{5DE0D29F-DE15-4E15-9E89-3A873D849C40}.Generate (Debug)|Any CPU.ActiveCfg = Generate (Debug)|Any CPU
		{5DE0D29F-DE15-4E15-9E89-3A873D849C40}.Generate (Debug)|Any CPU.Build.0 = Generate (Debug)|Any CPU
		{5DE0D29F-DE15-4E15-9E89-3A873D849C40}.Generate (Debug)|x64.ActiveCfg = Generate (Debug)|Any CPU
		{5DE0D29F-DE15-4E15-9E89-3A873D849C40}.Release|Any CPU.ActiveCfg = Release|Any CPU
		{5DE0D29F-DE15-4E15-9E89-3A873D849C40}.Release|Any CPU.Build.0 = Release|Any CPU
		{5DE0D29F-DE15-4E15-9E89-3A873D849C40}.Release|x64.ActiveCfg = Release|Any CPU
		{5DE0D29F-DE15-4E15-9E89-3A873D849C40}.SharePoint Manager 2010|Any CPU.ActiveCfg = SharePoint Manager 2010|Any CPU
		{5DE0D29F-DE15-4E15-9E89-3A873D849C40}.SharePoint Manager 2010|Any CPU.Build.0 = SharePoint Manager 2010|Any CPU
		{5DE0D29F-DE15-4E15-9E89-3A873D849C40}.SharePoint Manager 2010|x64.ActiveCfg = SharePoint Manager 2010|Any CPU
		{CE144460-64CE-4FB5-A25E-25B7BB028D16}.Debug|Any CPU.ActiveCfg = Debug|Any CPU
		{CE144460-64CE-4FB5-A25E-25B7BB028D16}.Debug|Any CPU.Build.0 = Debug|Any CPU
		{CE144460-64CE-4FB5-A25E-25B7BB028D16}.Debug|x64.ActiveCfg = Debug|Any CPU
		{CE144460-64CE-4FB5-A25E-25B7BB028D16}.Generate (Debug)|Any CPU.ActiveCfg = Generate (Debug)|Any CPU
		{CE144460-64CE-4FB5-A25E-25B7BB028D16}.Generate (Debug)|Any CPU.Build.0 = Generate (Debug)|Any CPU
		{CE144460-64CE-4FB5-A25E-25B7BB028D16}.Generate (Debug)|x64.ActiveCfg = Generate (Debug)|Any CPU
		{CE144460-64CE-4FB5-A25E-25B7BB028D16}.Release|Any CPU.ActiveCfg = Release|Any CPU
		{CE144460-64CE-4FB5-A25E-25B7BB028D16}.Release|Any CPU.Build.0 = Release|Any CPU
		{CE144460-64CE-4FB5-A25E-25B7BB028D16}.Release|x64.ActiveCfg = Release|Any CPU
		{CE144460-64CE-4FB5-A25E-25B7BB028D16}.SharePoint Manager 2010|Any CPU.ActiveCfg = SharePoint Manager 2010|Any CPU
		{CE144460-64CE-4FB5-A25E-25B7BB028D16}.SharePoint Manager 2010|Any CPU.Build.0 = SharePoint Manager 2010|Any CPU
		{CE144460-64CE-4FB5-A25E-25B7BB028D16}.SharePoint Manager 2010|x64.ActiveCfg = SharePoint Manager 2010|Any CPU
		{48E7192B-2165-4561-B9B0-9A1BDB492893}.Debug|Any CPU.ActiveCfg = Debug|Any CPU
		{48E7192B-2165-4561-B9B0-9A1BDB492893}.Debug|Any CPU.Build.0 = Debug|Any CPU
		{48E7192B-2165-4561-B9B0-9A1BDB492893}.Debug|x64.ActiveCfg = Debug|Any CPU
		{48E7192B-2165-4561-B9B0-9A1BDB492893}.Generate (Debug)|Any CPU.ActiveCfg = Debug|Any CPU
		{48E7192B-2165-4561-B9B0-9A1BDB492893}.Generate (Debug)|Any CPU.Build.0 = Debug|Any CPU
		{48E7192B-2165-4561-B9B0-9A1BDB492893}.Generate (Debug)|x64.ActiveCfg = Debug|Any CPU
		{48E7192B-2165-4561-B9B0-9A1BDB492893}.Release|Any CPU.ActiveCfg = Release|Any CPU
		{48E7192B-2165-4561-B9B0-9A1BDB492893}.Release|Any CPU.Build.0 = Release|Any CPU
		{48E7192B-2165-4561-B9B0-9A1BDB492893}.Release|x64.ActiveCfg = Release|Any CPU
		{48E7192B-2165-4561-B9B0-9A1BDB492893}.SharePoint Manager 2010|Any CPU.ActiveCfg = Release|Any CPU
		{48E7192B-2165-4561-B9B0-9A1BDB492893}.SharePoint Manager 2010|x64.ActiveCfg = Release|Any CPU
		{1BBA5101-D4F0-48B8-A5D6-7B23A099DCE3}.Debug|Any CPU.ActiveCfg = Debug|Any CPU
		{1BBA5101-D4F0-48B8-A5D6-7B23A099DCE3}.Debug|Any CPU.Build.0 = Debug|Any CPU
		{1BBA5101-D4F0-48B8-A5D6-7B23A099DCE3}.Debug|x64.ActiveCfg = Debug|Any CPU
		{1BBA5101-D4F0-48B8-A5D6-7B23A099DCE3}.Generate (Debug)|Any CPU.ActiveCfg = Debug|Any CPU
		{1BBA5101-D4F0-48B8-A5D6-7B23A099DCE3}.Generate (Debug)|Any CPU.Build.0 = Debug|Any CPU
		{1BBA5101-D4F0-48B8-A5D6-7B23A099DCE3}.Generate (Debug)|x64.ActiveCfg = Debug|Any CPU
		{1BBA5101-D4F0-48B8-A5D6-7B23A099DCE3}.Release|Any CPU.ActiveCfg = Release|Any CPU
		{1BBA5101-D4F0-48B8-A5D6-7B23A099DCE3}.Release|Any CPU.Build.0 = Release|Any CPU
		{1BBA5101-D4F0-48B8-A5D6-7B23A099DCE3}.Release|x64.ActiveCfg = Debug|Any CPU
		{1BBA5101-D4F0-48B8-A5D6-7B23A099DCE3}.SharePoint Manager 2010|Any CPU.ActiveCfg = SharePoint Manager 2010|Any CPU
		{1BBA5101-D4F0-48B8-A5D6-7B23A099DCE3}.SharePoint Manager 2010|Any CPU.Build.0 = SharePoint Manager 2010|Any CPU
		{1BBA5101-D4F0-48B8-A5D6-7B23A099DCE3}.SharePoint Manager 2010|x64.ActiveCfg = SharePoint Manager 2010|Any CPU
	EndGlobalSection
	GlobalSection(SolutionProperties) = preSolution
		HideSolutionNode = FALSE
	EndGlobalSection
EndGlobal
